
Microsoft Visual Studio Solution File, Format Version 12.00
# Visual Studio Version 17
VisualStudioVersion = 17.4.33403.182
MinimumVisualStudioVersion = 10.0.40219.1
Project("{FAE04EC0-301F-11D3-BF4B-00C04F79EFBC}") = "TodoAPI", "TodoAPI\TodoAPI.csproj", "{593F425A-CE6D-41BB-B32F-C66E724FCE3B}"
EndProject
Global
	GlobalSection(SolutionConfigurationPlatforms) = preSolution
		Debug|Any CPU = Debug|Any CPU
		Release|Any CPU = Release|Any CPU
	EndGlobalSection
	GlobalSection(ProjectConfigurationPlatforms) = postSolution
		{593F425A-CE6D-41BB-B32F-C66E724FCE3B}.Debug|Any CPU.ActiveCfg = Debug|Any CPU
		{593F425A-CE6D-41BB-B32F-C66E724FCE3B}.Debug|Any CPU.Build.0 = Debug|Any CPU
		{593F425A-CE6D-41BB-B32F-C66E724FCE3B}.Release|Any CPU.ActiveCfg = Release|Any CPU
		{593F425A-CE6D-41BB-B32F-C66E724FCE3B}.Release|Any CPU.Build.0 = Release|Any CPU
	EndGlobalSection
	GlobalSection(SolutionProperties) = preSolution
		HideSolutionNode = FALSE
	EndGlobalSection
	GlobalSection(ExtensibilityGlobals) = postSolution
		SolutionGuid = {936DEE92-15EE-44F5-BBE0-241F5C18D3C1}
	EndGlobalSection
EndGlobal
